
Microsoft Visual Studio Solution File, Format Version 12.00
# Visual Studio Version 16
VisualStudioVersion = 16.0.31424.327
MinimumVisualStudioVersion = 10.0.40219.1
Project("{9A19103F-16F7-4668-BE54-9A1E7A4F7556}") = "UserRegistration", "UserRegistration.csproj", "{6B6F7301-2EF6-4063-9F5C-C260420C27E3}"
EndProject
Project("{FAE04EC0-301F-11D3-BF4B-00C04F79EFBC}") = "UserRegistrationTest", "..\UserRegistrationTest\UserRegistrationTest.csproj", "{B895A0A4-F92F-4273-A478-88B7C6411900}"
EndProject
Global
	GlobalSection(SolutionConfigurationPlatforms) = preSolution
		Debug|Any CPU = Debug|Any CPU
		Release|Any CPU = Release|Any CPU
	EndGlobalSection
	GlobalSection(ProjectConfigurationPlatforms) = postSolution
		{6B6F7301-2EF6-4063-9F5C-C260420C27E3}.Debug|Any CPU.ActiveCfg = Debug|Any CPU
		{6B6F7301-2EF6-4063-9F5C-C260420C27E3}.Debug|Any CPU.Build.0 = Debug|Any CPU
		{6B6F7301-2EF6-4063-9F5C-C260420C27E3}.Release|Any CPU.ActiveCfg = Release|Any CPU
		{6B6F7301-2EF6-4063-9F5C-C260420C27E3}.Release|Any CPU.Build.0 = Release|Any CPU
		{B895A0A4-F92F-4273-A478-88B7C6411900}.Debug|Any CPU.ActiveCfg = Debug|Any CPU
		{B895A0A4-F92F-4273-A478-88B7C6411900}.Debug|Any CPU.Build.0 = Debug|Any CPU
		{B895A0A4-F92F-4273-A478-88B7C6411900}.Release|Any CPU.ActiveCfg = Release|Any CPU
		{B895A0A4-F92F-4273-A478-88B7C6411900}.Release|Any CPU.Build.0 = Release|Any CPU
	EndGlobalSection
	GlobalSection(SolutionProperties) = preSolution
		HideSolutionNode = FALSE
	EndGlobalSection
	GlobalSection(ExtensibilityGlobals) = postSolution
		SolutionGuid = {D2E08654-8A06-4F5E-A04C-CCE410517834}
	EndGlobalSection
EndGlobal
